
Microsoft Visual Studio Solution File, Format Version 12.00
# Visual Studio 15
VisualStudioVersion = 15.0.28307.572
MinimumVisualStudioVersion = 10.0.40219.1
Project("{FAE04EC0-301F-11D3-BF4B-00C04F79EFBC}") = "PruebaApi.Android", "PruebaApi\PruebaApi.Android\PruebaApi.Android.csproj", "{4281271A-E77B-4043-915A-A5C98FE1AC40}"
EndProject
Project("{9A19103F-16F7-4668-BE54-9A1E7A4F7556}") = "PruebaApi", "PruebaApi\PruebaApi\PruebaApi.csproj", "{05A8C445-9BFF-4899-9708-10CA0199DD03}"
EndProject
Project("{2150E333-8FDC-42A3-9474-1A3956D46DE8}") = "WebApi", "WebApi", "{81DB8213-C4C7-41D7-B8E6-74EE1F53C06B}"
	ProjectSection(SolutionItems) = preProject
		..\..\..\..\..\xampp\htdocs\TestApi\.htaccess = ..\..\..\..\..\xampp\htdocs\TestApi\.htaccess
		..\..\..\..\..\xampp\htdocs\TestApi\connection.php = ..\..\..\..\..\xampp\htdocs\TestApi\connection.php
		..\..\..\..\..\xampp\htdocs\TestApi\pedidos.php = ..\..\..\..\..\xampp\htdocs\TestApi\pedidos.php
	EndProjectSection
EndProject
Global
	GlobalSection(SolutionConfigurationPlatforms) = preSolution
		Debug|Any CPU = Debug|Any CPU
		Release|Any CPU = Release|Any CPU
	EndGlobalSection
	GlobalSection(ProjectConfigurationPlatforms) = postSolution
		{4281271A-E77B-4043-915A-A5C98FE1AC40}.Debug|Any CPU.ActiveCfg = Debug|Any CPU
		{4281271A-E77B-4043-915A-A5C98FE1AC40}.Debug|Any CPU.Build.0 = Debug|Any CPU
		{4281271A-E77B-4043-915A-A5C98FE1AC40}.Debug|Any CPU.Deploy.0 = Debug|Any CPU
		{4281271A-E77B-4043-915A-A5C98FE1AC40}.Release|Any CPU.ActiveCfg = Release|Any CPU
		{4281271A-E77B-4043-915A-A5C98FE1AC40}.Release|Any CPU.Build.0 = Release|Any CPU
		{4281271A-E77B-4043-915A-A5C98FE1AC40}.Release|Any CPU.Deploy.0 = Release|Any CPU
		{05A8C445-9BFF-4899-9708-10CA0199DD03}.Debug|Any CPU.ActiveCfg = Debug|Any CPU
		{05A8C445-9BFF-4899-9708-10CA0199DD03}.Debug|Any CPU.Build.0 = Debug|Any CPU
		{05A8C445-9BFF-4899-9708-10CA0199DD03}.Debug|Any CPU.Deploy.0 = Debug|Any CPU
		{05A8C445-9BFF-4899-9708-10CA0199DD03}.Release|Any CPU.ActiveCfg = Release|Any CPU
		{05A8C445-9BFF-4899-9708-10CA0199DD03}.Release|Any CPU.Build.0 = Release|Any CPU
		{05A8C445-9BFF-4899-9708-10CA0199DD03}.Release|Any CPU.Deploy.0 = Release|Any CPU
	EndGlobalSection
	GlobalSection(SolutionProperties) = preSolution
		HideSolutionNode = FALSE
	EndGlobalSection
	GlobalSection(ExtensibilityGlobals) = postSolution
		SolutionGuid = {8116ADAE-D9F0-48A4-BE84-1BCB11FA7069}
	EndGlobalSection
EndGlobal
